
Microsoft Visual Studio Solution File, Format Version 12.00
# Visual Studio Version 17
VisualStudioVersion = 17.14.36717.8 d17.14
MinimumVisualStudioVersion = 10.0.40219.1
Project("{FAE04EC0-301F-11D3-BF4B-00C04F79EFBC}") = "ChainsOfResponsibility", "ChainsOfResponsibility.csproj", "{8D045927-B087-4530-AA0C-412DD97C105D}"
EndProject
Global
	GlobalSection(SolutionConfigurationPlatforms) = preSolution
		Debug|Any CPU = Debug|Any CPU
		Release|Any CPU = Release|Any CPU
	EndGlobalSection
	GlobalSection(ProjectConfigurationPlatforms) = postSolution
		{8D045927-B087-4530-AA0C-412DD97C105D}.Debug|Any CPU.ActiveCfg = Debug|Any CPU
		{8D045927-B087-4530-AA0C-412DD97C105D}.Debug|Any CPU.Build.0 = Debug|Any CPU
		{8D045927-B087-4530-AA0C-412DD97C105D}.Release|Any CPU.ActiveCfg = Release|Any CPU
		{8D045927-B087-4530-AA0C-412DD97C105D}.Release|Any CPU.Build.0 = Release|Any CPU
	EndGlobalSection
	GlobalSection(SolutionProperties) = preSolution
		HideSolutionNode = FALSE
	EndGlobalSection
	GlobalSection(ExtensibilityGlobals) = postSolution
		SolutionGuid = {7D31D158-460B-4571-A35B-690AF52F5B87}
	EndGlobalSection
EndGlobal
